{
  "name": "lj",
  "version": "1.0.0",
  "lockfileVersion": 1,
  "requires": true,
  "dependencies": {
    "axios": {
      "version": "0.19.2",
      "resolved": "https://registry.npmjs.org/axios/-/axios-0.19.2.tgz",
      "integrity": "sha512-fjgm5MvRHLhx+osE2xoekY70AhARk3a6hkN+3Io1jc00jtquGvxYlKlsFUhmUET0V5te6CcZI7lcv2Ym61mjHA==",
      "requires": {
        "follow-redirects": "1.5.10"
      }
    },
    "cli-circle": {
      "version": "3.2.10",
      "resolved": "https://registry.npmjs.org/cli-circle/-/cli-circle-3.2.10.tgz",
      "integrity": "sha512-Sm0r79lKHEj+wRAFoSSLle9qXPVTJB0e+uvIjrLVfWcuun4y5E9N5zph5MXQZ/VRQafo9LcvK1rLIJsC9kWiKg==",
      "requires": {
        "cli-graph": "^3.0.0",
        "typpy": "^2.3.3",
        "ul": "^5.0.0"
      }
    },
    "cli-graph": {
      "version": "3.2.2",
      "resolved": "https://registry.npmjs.org/cli-graph/-/cli-graph-3.2.2.tgz",
      "integrity": "sha1-1oEKJjqxCXG+aIJ59n+smPjfdDo=",
      "requires": {
        "ul": "5.0.0"
      },
      "dependencies": {
        "typpy": {
          "version": "2.0.0",
          "resolved": "https://registry.npmjs.org/typpy/-/typpy-2.0.0.tgz",
          "integrity": "sha1-re87rMEv9Hr/kg+rA6j/MnnXN9Y="
        },
        "ul": {
          "version": "5.0.0",
          "resolved": "https://registry.npmjs.org/ul/-/ul-5.0.0.tgz",
          "integrity": "sha1-yoDXkwJfP9Xcm/g0aYGNMQp8mmI=",
          "requires": {
            "deffy": "2.0.0",
            "typpy": "2.0.0"
          }
        }
      }
    },
    "cli-pie": {
      "version": "2.4.1",
      "resolved": "https://registry.npmjs.org/cli-pie/-/cli-pie-2.4.1.tgz",
      "integrity": "sha512-IQe06UfK8NlfhJfLJXGpX6hKSq7tMFInRSV/z9wp88efWfzDDyzQx8sIKDtNqyeDutmUuD7d4mkktTpzRj39aA==",
      "requires": {
        "cli-circle": "^3.0.0",
        "couleurs": "^5.0.0",
        "flatcolors": "^3.0.0",
        "ul": "^5.0.0"
      }
    },
    "couleurs": {
      "version": "5.2.1",
      "resolved": "https://registry.npmjs.org/couleurs/-/couleurs-5.2.1.tgz",
      "integrity": "sha1-U5n596FZhS7BQkT4Qb2FjwTcUqM=",
      "requires": {
        "flat-colors": "3.0.0",
        "typpy": "2.0.0",
        "x256": "0.0.2"
      },
      "dependencies": {
        "typpy": {
          "version": "2.0.0",
          "resolved": "https://registry.npmjs.org/typpy/-/typpy-2.0.0.tgz",
          "integrity": "sha1-re87rMEv9Hr/kg+rA6j/MnnXN9Y="
        }
      }
    },
    "debug": {
      "version": "3.1.0",
      "resolved": "https://registry.npmjs.org/debug/-/debug-3.1.0.tgz",
      "integrity": "sha512-OX8XqP7/1a9cqkxYw2yXss15f26NKWBpDXQd0/uK/KPqdQhxbPa994hnzjcE2VqQpDslf55723cKPUOGSmMY3g==",
      "requires": {
        "ms": "2.0.0"
      }
    },
    "deffy": {
      "version": "2.0.0",
      "resolved": "https://registry.npmjs.org/deffy/-/deffy-2.0.0.tgz",
      "integrity": "sha1-+C4I7qUYxKCjCx8D7FBNJIryiTI=",
      "requires": {
        "typpy": "^2.0.0"
      }
    },
    "dotenv": {
      "version": "8.2.0",
      "resolved": "https://registry.npmjs.org/dotenv/-/dotenv-8.2.0.tgz",
      "integrity": "sha512-8sJ78ElpbDJBHNeBzUbUVLsqKdccaa/BXF1uPTw3GrvQTBgrQrtObr2mUrE38vzYd8cEv+m/JBfDLioYcfXoaw=="
    },
    "flat-colors": {
      "version": "3.0.0",
      "resolved": "https://registry.npmjs.org/flat-colors/-/flat-colors-3.0.0.tgz",
      "integrity": "sha1-JTqxojmJwyHxOwrNS/c//0By7Lc="
    },
    "flatcolors": {
      "version": "3.0.0",
      "resolved": "https://registry.npmjs.org/flatcolors/-/flatcolors-3.0.0.tgz",
      "integrity": "sha1-Q5MoO3M1qJsuTUcKqWb4zYofqz0="
    },
    "follow-redirects": {
      "version": "1.5.10",
      "resolved": "https://registry.npmjs.org/follow-redirects/-/follow-redirects-1.5.10.tgz",
      "integrity": "sha512-0V5l4Cizzvqt5D44aTXbFZz+FtyXV1vrDN6qrelxtfYQKW0KO0W2T/hkE8xvGa/540LkZlkaUjO4ailYTFtHVQ==",
      "requires": {
        "debug": "=3.1.0"
      }
    },
    "function.name": {
      "version": "1.0.12",
      "resolved": "https://registry.npmjs.org/function.name/-/function.name-1.0.12.tgz",
      "integrity": "sha512-C7Tu+rAFrWW5RjXqtKtXp2xOdCujq+4i8ZH3w0uz/xrYHBwXZrPt96x8cDAEHrIjeyEv/Jm6iDGyqupbaVQTlw==",
      "requires": {
        "noop6": "^1.0.1"
      }
    },
    "ms": {
      "version": "2.0.0",
      "resolved": "https://registry.npmjs.org/ms/-/ms-2.0.0.tgz",
      "integrity": "sha1-VgiurfwAvmwpAd9fmGF4jeDVl8g="
    },
    "noop6": {
      "version": "1.0.8",
      "resolved": "https://registry.npmjs.org/noop6/-/noop6-1.0.8.tgz",
      "integrity": "sha512-+Al5csMVc40I8xRfJsyBcN1IbpyvebOuQmMfxdw+AL6ECELey12ANgNTRhMfTwNIDU4W9W0g8EHLcsb3+3qPFA=="
    },
    "typpy": {
      "version": "2.3.11",
      "resolved": "https://registry.npmjs.org/typpy/-/typpy-2.3.11.tgz",
      "integrity": "sha512-Jh/fykZSaxeKO0ceMAs6agki9T5TNA9kiIR6fzKbvafKpIw8UlNlHhzuqKyi5lfJJ5VojJOx9tooIbyy7vHV/g==",
      "requires": {
        "function.name": "^1.0.3"
      }
    },
    "ul": {
      "version": "5.2.14",
      "resolved": "https://registry.npmjs.org/ul/-/ul-5.2.14.tgz",
      "integrity": "sha512-VaIRQZ5nkEd8VtI3OYo5qNbhHQuBtPtu5k5GrYaKCmcP1H+FkuWtS+XFTSU1oz5GiuAg2FJL5ka8ufr9zdm8eg==",
      "requires": {
        "deffy": "^2.2.2",
        "typpy": "^2.3.4"
      },
      "dependencies": {
        "deffy": {
          "version": "2.2.3",
          "resolved": "https://registry.npmjs.org/deffy/-/deffy-2.2.3.tgz",
          "integrity": "sha512-c5JD8Z6V1aBWVzn1+aELL97R1pHCwEjXeU3hZXdigkZkxb9vhgFP162kAxGXl992TtAg0btwQyx7d54CqcQaXQ==",
          "requires": {
            "typpy": "^2.0.0"
          }
        }
      }
    },
    "x256": {
      "version": "0.0.2",
      "resolved": "https://registry.npmjs.org/x256/-/x256-0.0.2.tgz",
      "integrity": "sha1-ya8Yh296F1gB1WT+cK2egxd4STQ="
    }
  }
}
